version = 1
revision = 3
requires-python = ">=3.12"

[[package]]
name = "aoc25"
version = "0.1.0"
source = { virtual = "." }
dependencies = [
    { name = "bitarray" },
    { name = "numba" },
]

[package.metadata]
requires-dist = [
    { name = "bitarray", specifier = ">=3.8.0" },
    { name = "numba", specifier = ">=0.62.1" },
]

[[package]]
name = "bitarray"
version = "3.8.0"
source = { registry = "https://pypi.org/simple" }
sdist = { url = "https://files.pythonhosted.org/packages/95/06/92fdc84448d324ab8434b78e65caf4fb4c6c90b4f8ad9bdd4c8021bfaf1e/bitarray-3.8.0.tar.gz", hash = "sha256:3eae38daffd77c9621ae80c16932eea3fb3a4af141fb7cc724d4ad93eff9210d", size = 151991, upload-time = "2025-11-02T21:41:15.117Z" }
wheels = [
    { url = "https://files.pythonhosted.org/packages/82/a0/0c41d893eda756315491adfdbf9bc928aee3d377a7f97a8834d453aa5de1/bitarray-3.8.0-cp312-cp312-macosx_10_13_x86_64.whl", hash = "sha256:f2fcbe9b3a5996b417e030aa33a562e7e20dfc86271e53d7e841fc5df16268b8", size = 148575, upload-time = "2025-11-02T21:39:25.718Z" },
    { url = "https://files.pythonhosted.org/packages/0e/30/12ab2f4a4429bd844b419c37877caba93d676d18be71354fbbeb21d9f4cc/bitarray-3.8.0-cp312-cp312-macosx_11_0_arm64.whl", hash = "sha256:cd761d158f67e288fd0ebe00c3b158095ce80a4bc7c32b60c7121224003ba70d", size = 145454, upload-time = "2025-11-02T21:39:26.695Z" },
    { url = "https://files.pythonhosted.org/packages/26/58/314b3e3f219533464e120f0c51ac5123e7b1c1b91f725a4073fb70c5a858/bitarray-3.8.0-cp312-cp312-manylinux2014_aarch64.manylinux_2_17_aarch64.manylinux_2_28_aarch64.whl", hash = "sha256:c394a3f055b49f92626f83c1a0b6d6cd2c628f1ccd72481c3e3c6aa4695f3b20", size = 332949, upload-time = "2025-11-02T21:39:27.801Z" },
    { url = "https://files.pythonhosted.org/packages/ea/ce/ca8c706bd8341c7a22dd92d2a528af71f7e5f4726085d93f81fd768cb03b/bitarray-3.8.0-cp312-cp312-manylinux2014_ppc64le.manylinux_2_17_ppc64le.manylinux_2_28_ppc64le.whl", hash = "sha256:969fd67de8c42affdb47b38b80f1eaa79ac0ef17d65407cdd931db1675315af1", size = 360599, upload-time = "2025-11-02T21:39:28.964Z" },
    { url = "https://files.pythonhosted.org/packages/ef/dc/aa181df85f933052d962804906b282acb433cb9318b08ec2aceb4ee34faf/bitarray-3.8.0-cp312-cp312-manylinux2014_s390x.manylinux_2_17_s390x.manylinux_2_28_s390x.whl", hash = "sha256:99d25aff3745c54e61ab340b98400c52ebec04290a62078155e0d7eb30380220", size = 371972, upload-time = "2025-11-02T21:39:30.228Z" },
    { url = "https://files.pythonhosted.org/packages/ff/d9/b805bfa158c7bcf4df0ac19b1be581b47e1ddb792c11023aed80a7058e78/bitarray-3.8.0-cp312-cp312-manylinux2014_x86_64.manylinux_2_17_x86_64.manylinux_2_28_x86_64.whl", hash = "sha256:e645b4c365d6f1f9e0799380ad6395268f3c3b898244a650aaeb8d9d27b74c35", size = 340303, upload-time = "2025-11-02T21:39:31.342Z" },
    { url = "https://files.pythonhosted.org/packages/1f/42/5308cc97ea929e30727292617a3a88293470166851e13c9e3f16f395da55/bitarray-3.8.0-cp312-cp312-musllinux_1_2_aarch64.whl", hash = "sha256:2fa23fdb3beab313950bbb49674e8a161e61449332d3997089fe3944953f1b77", size = 330494, upload-time = "2025-11-02T21:39:32.769Z" },
    { url = "https://files.pythonhosted.org/packages/4c/89/64f1596cb80433323efdbc8dcd0d6e57c40dfbe6ea3341623f34ec397edd/bitarray-3.8.0-cp312-cp312-musllinux_1_2_ppc64le.whl", hash = "sha256:165052a0e61c880f7093808a0c524ce1b3555bfa114c0dfb5c809cd07918a60d", size = 358123, upload-time = "2025-11-02T21:39:34.331Z" },
    { url = "https://files.pythonhosted.org/packages/27/fd/f3d49c5443b57087f888b5e118c8dd78bb7c8e8cfeeed250f8e92128a05f/bitarray-3.8.0-cp312-cp312-musllinux_1_2_s390x.whl", hash = "sha256:337c8cd46a4c6568d367ed676cbf2d7de16f890bb31dbb54c44c1d6bb6d4a1de", size = 356046, upload-time = "2025-11-02T21:39:35.449Z" },
    { url = "https://files.pythonhosted.org/packages/aa/db/1fd0b402bd2b47142e958b6930dbb9445235d03fa703c9a24caa6e576ae2/bitarray-3.8.0-cp312-cp312-musllinux_1_2_x86_64.whl", hash = "sha256:21ca6a47bf20db9e7ad74ca04b3d479e4d76109b68333eb23535553d2705339e", size = 336872, upload-time = "2025-11-02T21:39:36.891Z" },
    { url = "https://files.pythonhosted.org/packages/58/73/680b47718f1313b4538af479c4732eaca0aeda34d93fc5b869f87932d57d/bitarray-3.8.0-cp312-cp312-win32.whl", hash = "sha256:178c5a4c7fdfb5cd79e372ae7f675390e670f3732e5bc68d327e01a5b3ff8d55", size = 143025, upload-time = "2025-11-02T21:39:38.303Z" },
    { url = "https://files.pythonhosted.org/packages/f8/11/7792587c19c79a8283e8838f44709fa4338a8f7d2a3091dfd81c07ae89c7/bitarray-3.8.0-cp312-cp312-win_amd64.whl", hash = "sha256:75a3b6e9c695a6570ea488db75b84bb592ff70a944957efa1c655867c575018b", size = 149969, upload-time = "2025-11-02T21:39:39.715Z" },
    { url = "https://files.pythonhosted.org/packages/9a/00/9df64b5d8a84e8e9ec392f6f9ce93f50626a5b301cb6c6b3fe3406454d66/bitarray-3.8.0-cp312-cp312-win_arm64.whl", hash = "sha256:5591daf81313096909d973fb2612fccd87528fdfdd39f6478bdce54543178954", size = 146907, upload-time = "2025-11-02T21:39:40.815Z" },
    { url = "https://files.pythonhosted.org/packages/3e/35/480364d4baf1e34c79076750914664373f561c58abb5c31c35b3fae613ff/bitarray-3.8.0-cp313-cp313-macosx_10_13_x86_64.whl", hash = "sha256:18214bac86341f1cc413772e66447d6cca10981e2880b70ecaf4e826c04f95e9", size = 148582, upload-time = "2025-11-02T21:39:42.268Z" },
    { url = "https://files.pythonhosted.org/packages/5e/a8/718b95524c803937f4edbaaf6480f39c80f6ed189d61357b345e8361ffb6/bitarray-3.8.0-cp313-cp313-macosx_11_0_arm64.whl", hash = "sha256:01c5f0dc080b0ebb432f7a68ee1e88a76bd34f6d89c9568fcec65fb16ed71f0e", size = 145433, upload-time = "2025-11-02T21:39:43.552Z" },
    { url = "https://files.pythonhosted.org/packages/03/66/4a10f30dc9e2e01e3b4ecd44a511219f98e63c86b0e0f704c90fac24059b/bitarray-3.8.0-cp313-cp313-manylinux2014_aarch64.manylinux_2_17_aarch64.manylinux_2_28_aarch64.whl", hash = "sha256:86685fa04067f7175f9718489ae755f6acde03593a1a9ca89305554af40e14fd", size = 332986, upload-time = "2025-11-02T21:39:44.656Z" },
    { url = "https://files.pythonhosted.org/packages/53/25/4c08774d847f80a1166e4c704b4e0f1c417c0afe6306eae0bc5e70d35faa/bitarray-3.8.0-cp313-cp313-manylinux2014_ppc64le.manylinux_2_17_ppc64le.manylinux_2_28_ppc64le.whl", hash = "sha256:56896ceeffe25946c4010320629e2d858ca763cd8ded273c81672a5edbcb1e0a", size = 360634, upload-time = "2025-11-02T21:39:45.798Z" },
    { url = "https://files.pythonhosted.org/packages/a5/8f/bf8ad26169ebd0b2746d5c7564db734453ca467f8aab87e9d43b0a794383/bitarray-3.8.0-cp313-cp313-manylinux2014_s390x.manylinux_2_17_s390x.manylinux_2_28_s390x.whl", hash = "sha256:9858dcbc23ba7eaadcd319786b982278a1a2b2020720b19db43e309579ff76fb", size = 371992, upload-time = "2025-11-02T21:39:46.968Z" },
    { url = "https://files.pythonhosted.org/packages/a9/16/ce166754e7c9d10650e02914552fa637cf3b2591f7ed16632bbf6b783312/bitarray-3.8.0-cp313-cp313-manylinux2014_x86_64.manylinux_2_17_x86_64.manylinux_2_28_x86_64.whl", hash = "sha256:aa7dec53c25f1949513457ef8b0ea1fb40e76c672cc4d2daa8ad3c8d6b73491a", size = 340315, upload-time = "2025-11-02T21:39:48.182Z" },
    { url = "https://files.pythonhosted.org/packages/de/2a/fbba3a106ddd260e84b9a624f730257c32ba51a8a029565248dfedfdf6f2/bitarray-3.8.0-cp313-cp313-musllinux_1_2_aarch64.whl", hash = "sha256:15a2eff91f54d2b1f573cca8ca6fb58763ce8fea80e7899ab028f3987ef71cd5", size = 330473, upload-time = "2025-11-02T21:39:49.705Z" },
    { url = "https://files.pythonhosted.org/packages/68/97/56cf3c70196e7307ad32318a9d6ed969dbdc6a4534bbe429112fa7dfe42e/bitarray-3.8.0-cp313-cp313-musllinux_1_2_ppc64le.whl", hash = "sha256:b1572ee0eb1967e71787af636bb7d1eb9c6735d5337762c450650e7f51844594", size = 358129, upload-time = "2025-11-02T21:39:51.189Z" },
    { url = "https://files.pythonhosted.org/packages/fd/be/afd391a5c0896d3339613321b2f94af853f29afc8bd3fbc327431244c642/bitarray-3.8.0-cp313-cp313-musllinux_1_2_s390x.whl", hash = "sha256:5bfac7f236ba1a4d402644bdce47fb9db02a7cf3214a1f637d3a88390f9e5428", size = 356005, upload-time = "2025-11-02T21:39:52.355Z" },
    { url = "https://files.pythonhosted.org/packages/ae/08/a8e1a371babba29bad3378bb3a2cdca2b012170711e7fe1f22031a6b7b95/bitarray-3.8.0-cp313-cp313-musllinux_1_2_x86_64.whl", hash = "sha256:f0a55cf02d2cdd739b40ce10c09bbdd520e141217696add7a48b56e67bdfdfe6", size = 336862, upload-time = "2025-11-02T21:39:54.345Z" },
    { url = "https://files.pythonhosted.org/packages/ee/8a/6dc1d0fdc06991c8dc3b1fcfe1ae49fbaced42064cd1b5f24278e73fe05f/bitarray-3.8.0-cp313-cp313-win32.whl", hash = "sha256:a2ba92f59e30ce915e9e79af37649432e3a212ddddf416d4d686b1b4825bcdb2", size = 143018, upload-time = "2025-11-02T21:39:56.361Z" },
    { url = "https://files.pythonhosted.org/packages/2e/72/76e13f5cd23b8b9071747909663ce3b02da24a5e7e22c35146338625db35/bitarray-3.8.0-cp313-cp313-win_amd64.whl", hash = "sha256:1c8f2a5d8006db5a555e06f9437e76bf52537d3dfd130cb8ae2b30866aca32c9", size = 149977, upload-time = "2025-11-02T21:39:57.718Z" },
    { url = "https://files.pythonhosted.org/packages/01/37/60f336c32336cc3ec03b0c61076f16ea2f05d5371c8a56e802161d218b77/bitarray-3.8.0-cp313-cp313-win_arm64.whl", hash = "sha256:50ddbe3a7b4b6ab96812f5a4d570f401a2cdb95642fd04c062f98939610bbeee", size = 146930, upload-time = "2025-11-02T21:39:59.308Z" },
    { url = "https://files.pythonhosted.org/packages/1b/b0/411327a6c7f6b2bead64bb06fe60b92e0344957ec1ab0645d5ccc25fdafe/bitarray-3.8.0-cp314-cp314-macosx_10_13_x86_64.whl", hash = "sha256:8cbd4bfc933b33b85c43ef4c1f4d5e3e9d91975ea6368acf5fbac02bac06ea89", size = 148563, upload-time = "2025-11-02T21:40:01.006Z" },
    { url = "https://files.pythonhosted.org/packages/2a/bc/ff80d97c627d774f879da0ea93223adb1267feab7e07d5c17580ffe6d632/bitarray-3.8.0-cp314-cp314-macosx_11_0_arm64.whl", hash = "sha256:9d35d8f8a1c9ed4e2b08187b513f8a3c71958600129db3aa26d85ea3abfd1310", size = 145422, upload-time = "2025-11-02T21:40:02.535Z" },
    { url = "https://files.pythonhosted.org/packages/66/e7/b4cb6c5689aacd0a32f3aa8a507155eaa33528c63de2f182b60843fbf700/bitarray-3.8.0-cp314-cp314-manylinux2014_aarch64.manylinux_2_17_aarch64.manylinux_2_28_aarch64.whl", hash = "sha256:99f55e14e7c56f4fafe1343480c32b110ef03836c21ff7c48bae7add6818f77c", size = 332852, upload-time = "2025-11-02T21:40:03.645Z" },
    { url = "https://files.pythonhosted.org/packages/e7/91/fbd1b047e3e2f4b65590f289c8151df1d203d75b005f5aae4e072fe77d76/bitarray-3.8.0-cp314-cp314-manylinux2014_ppc64le.manylinux_2_17_ppc64le.manylinux_2_28_ppc64le.whl", hash = "sha256:dfbe2aa45b273f49e715c5345d94874cb65a28482bf231af408891c260601b8d", size = 360801, upload-time = "2025-11-02T21:40:04.827Z" },
    { url = "https://files.pythonhosted.org/packages/ef/4a/63064c593627bac8754fdafcb5343999c93ab2aeb27bcd9d270a010abea5/bitarray-3.8.0-cp314-cp314-manylinux2014_s390x.manylinux_2_17_s390x.manylinux_2_28_s390x.whl", hash = "sha256:64af877116edf051375b45f0bda648143176a017b13803ec7b3a3111dc05f4c5", size = 371408, upload-time = "2025-11-02T21:40:05.985Z" },
    { url = "https://files.pythonhosted.org/packages/46/97/ddc07723767bdafd170f2ff6e173c940fa874192783ee464aa3c1dedf07d/bitarray-3.8.0-cp314-cp314-manylinux2014_x86_64.manylinux_2_17_x86_64.manylinux_2_28_x86_64.whl", hash = "sha256:cdfbb27f2c46bb5bbdcee147530cbc5ca8ab858d7693924e88e30ada21b2c5e2", size = 340033, upload-time = "2025-11-02T21:40:07.189Z" },
    { url = "https://files.pythonhosted.org/packages/ad/1e/e1ea9f1146fd4af032817069ff118918d73e5de519854ce3860e2ed560ff/bitarray-3.8.0-cp314-cp314-musllinux_1_2_aarch64.whl", hash = "sha256:4d73d4948dcc5591d880db8933004e01f1dd2296df9de815354d53469beb26fe", size = 330774, upload-time = "2025-11-02T21:40:08.496Z" },
    { url = "https://files.pythonhosted.org/packages/cf/9f/8242296c124a48d1eab471fd0838aeb7ea9c6fd720302d99ab7855d3e6d3/bitarray-3.8.0-cp314-cp314-musllinux_1_2_ppc64le.whl", hash = "sha256:28a85b056c0eb7f5d864c0ceef07034117e8ebfca756f50648c71950a568ba11", size = 358337, upload-time = "2025-11-02T21:40:10.035Z" },
    { url = "https://files.pythonhosted.org/packages/b5/6b/9095d75264c67d479f298c80802422464ce18c3cdd893252eeccf4997611/bitarray-3.8.0-cp314-cp314-musllinux_1_2_s390x.whl", hash = "sha256:79ec4498a545733ecace48d780d22407411b07403a2e08b9a4d7596c0b97ebd7", size = 355639, upload-time = "2025-11-02T21:40:11.485Z" },
    { url = "https://files.pythonhosted.org/packages/a0/af/c93c0ae5ef824136e90ac7ddf6cceccb1232f34240b2f55a922f874da9b4/bitarray-3.8.0-cp314-cp314-musllinux_1_2_x86_64.whl", hash = "sha256:33af25c4ff7723363cb8404dfc2eefeab4110b654f6c98d26aba8a08c745d860", size = 336999, upload-time = "2025-11-02T21:40:12.709Z" },
    { url = "https://files.pythonhosted.org/packages/81/0f/72c951f5997b2876355d5e671f78dd2362493254876675cf22dbd24389ae/bitarray-3.8.0-cp314-cp314-win32.whl", hash = "sha256:2c3bb96b6026643ce24677650889b09073f60b9860a71765f843c99f9ab38b25", size = 142169, upload-time = "2025-11-02T21:40:14.031Z" },
    { url = "https://files.pythonhosted.org/packages/8a/55/ef1b4de8107bf13823da8756c20e1fbc9452228b4e837f46f6d9ddba3eb3/bitarray-3.8.0-cp314-cp314-win_amd64.whl", hash = "sha256:847c7f61964225fc489fe1d49eda7e0e0d253e98862c012cecf845f9ad45cdf4", size = 148737, upload-time = "2025-11-02T21:40:15.436Z" },
    { url = "https://files.pythonhosted.org/packages/5f/26/bc0784136775024ac56cc67c0d6f9aa77a7770de7f82c3a7c9be11c217cd/bitarray-3.8.0-cp314-cp314-win_arm64.whl", hash = "sha256:a2cb35a6efaa0e3623d8272471371a12c7e07b51a33e5efce9b58f655d864b4e", size = 146083, upload-time = "2025-11-02T21:40:17.135Z" },
    { url = "https://files.pythonhosted.org/packages/6e/64/57984e64264bf43d93a1809e645972771566a2d0345f4896b041ce20b000/bitarray-3.8.0-cp314-cp314t-macosx_10_13_x86_64.whl", hash = "sha256:15e8d0597cc6e8496de6f4dea2a6880c57e1251502a7072f5631108a1aa28521", size = 149455, upload-time = "2025-11-02T21:40:18.558Z" },
    { url = "https://files.pythonhosted.org/packages/81/c0/0d5f2eaef1867f462f764bdb07d1e116c33a1bf052ea21889aefe4282f5b/bitarray-3.8.0-cp314-cp314t-macosx_11_0_arm64.whl", hash = "sha256:8ffe660e963ae711cb9e2b8d8461c9b1ad6167823837fc17d59d5e539fb898fa", size = 146491, upload-time = "2025-11-02T21:40:19.665Z" },
    { url = "https://files.pythonhosted.org/packages/65/c6/bc1261f7a8862c0c59220a484464739e52235fd1e2afcb24d7f7d3fb5702/bitarray-3.8.0-cp314-cp314t-manylinux2014_aarch64.manylinux_2_17_aarch64.manylinux_2_28_aarch64.whl", hash = "sha256:4779f356083c62e29b4198d290b7b17a39a69702d150678b7efff0fdddf494a8", size = 339721, upload-time = "2025-11-02T21:40:21.277Z" },
    { url = "https://files.pythonhosted.org/packages/81/d8/289ca55dd2939ea17b1108dc53bffc0fdc5160ba44f77502dfaae35d08c6/bitarray-3.8.0-cp314-cp314t-manylinux2014_ppc64le.manylinux_2_17_ppc64le.manylinux_2_28_ppc64le.whl", hash = "sha256:025d133bf4ca8cf75f904eeb8ea946228d7c043231866143f31946a6f4dd0bf3", size = 367823, upload-time = "2025-11-02T21:40:22.463Z" },
    { url = "https://files.pythonhosted.org/packages/91/a2/61e7461ca9ac0fcb70f327a2e84b006996d2a840898e69037a39c87c6d06/bitarray-3.8.0-cp314-cp314t-manylinux2014_s390x.manylinux_2_17_s390x.manylinux_2_28_s390x.whl", hash = "sha256:451f9958850ea98440d542278368c8d1e1ea821e2494b204570ba34a340759df", size = 377341, upload-time = "2025-11-02T21:40:23.789Z" },
    { url = "https://files.pythonhosted.org/packages/6c/87/4a0c9c8bdb13916d443e04d8f8542eef9190f31425da3c17c3478c40173f/bitarray-3.8.0-cp314-cp314t-manylinux2014_x86_64.manylinux_2_17_x86_64.manylinux_2_28_x86_64.whl", hash = "sha256:6d79f659965290af60d6acc8e2716341865fe74609a7ede2a33c2f86ad893b8f", size = 344985, upload-time = "2025-11-02T21:40:25.261Z" },
    { url = "https://files.pythonhosted.org/packages/17/4c/ff9259b916efe53695b631772e5213699c738efc2471b5ffe273f4000994/bitarray-3.8.0-cp314-cp314t-musllinux_1_2_aarch64.whl", hash = "sha256:fbf05678c2ae0064fb1b8de7e9e8f0fc30621b73c8477786dd0fb3868044a8c8", size = 336796, upload-time = "2025-11-02T21:40:26.942Z" },
    { url = "https://files.pythonhosted.org/packages/0f/4b/51b2468bbddbade5e2f3b8d5db08282c5b309e8687b0f02f75a8b5ff559c/bitarray-3.8.0-cp314-cp314t-musllinux_1_2_ppc64le.whl", hash = "sha256:c396358023b876cff547ce87f4e8ff8a2280598873a137e8cc69e115262260b8", size = 365085, upload-time = "2025-11-02T21:40:28.224Z" },
    { url = "https://files.pythonhosted.org/packages/bf/79/53473bfc2e052c6dbb628cdc1b156be621c77aaeb715918358b01574be55/bitarray-3.8.0-cp314-cp314t-musllinux_1_2_s390x.whl", hash = "sha256:ed3493a369fe849cce98542d7405c88030b355e4d2e113887cb7ecc86c205773", size = 361012, upload-time = "2025-11-02T21:40:29.635Z" },
    { url = "https://files.pythonhosted.org/packages/c4/b1/242bf2e44bfc69e73fa2b954b425d761a8e632f78ea31008f1c3cfad0854/bitarray-3.8.0-cp314-cp314t-musllinux_1_2_x86_64.whl", hash = "sha256:c764fb167411d5afaef88138542a4bfa28bd5e5ded5e8e42df87cef965efd6e9", size = 340644, upload-time = "2025-11-02T21:40:31.089Z" },
    { url = "https://files.pythonhosted.org/packages/cf/01/12e5ecf30a5de28a32485f226cad4b8a546845f65f755ce0365057ab1e92/bitarray-3.8.0-cp314-cp314t-win32.whl", hash = "sha256:e12769d3adcc419e65860de946df8d2ed274932177ac1cdb05186e498aaa9149", size = 143630, upload-time = "2025-11-02T21:40:32.351Z" },
    { url = "https://files.pythonhosted.org/packages/b6/92/6b6ade587b08024a8a890b07724775d29da9cf7497be5c3cbe226185e463/bitarray-3.8.0-cp314-cp314t-win_amd64.whl", hash = "sha256:0ca70ccf789446a6dfde40b482ec21d28067172cd1f8efd50d5548159fccad9e", size = 150250, upload-time = "2025-11-02T21:40:33.596Z" },
    { url = "https://files.pythonhosted.org/packages/ed/40/be3858ffed004e47e48a2cefecdbf9b950d41098b780f9dc3aa609a88351/bitarray-3.8.0-cp314-cp314t-win_arm64.whl", hash = "sha256:2a3d1b05ffdd3e95687942ae7b13c63689f85d3f15c39b33329e3cb9ce6c015f", size = 147015, upload-time = "2025-11-02T21:40:35.064Z" },
]

[[package]]
name = "llvmlite"
version = "0.45.1"
source = { registry = "https://pypi.org/simple" }
sdist = { url = "https://files.pythonhosted.org/packages/99/8d/5baf1cef7f9c084fb35a8afbde88074f0d6a727bc63ef764fe0e7543ba40/llvmlite-0.45.1.tar.gz", hash = "sha256:09430bb9d0bb58fc45a45a57c7eae912850bedc095cd0810a57de109c69e1c32", size = 185600, upload-time = "2025-10-01T17:59:52.046Z" }
wheels = [
    { url = "https://files.pythonhosted.org/packages/e2/7c/82cbd5c656e8991bcc110c69d05913be2229302a92acb96109e166ae31fb/llvmlite-0.45.1-cp312-cp312-macosx_10_15_x86_64.whl", hash = "sha256:28e763aba92fe9c72296911e040231d486447c01d4f90027c8e893d89d49b20e", size = 43043524, upload-time = "2025-10-01T18:03:30.666Z" },
    { url = "https://files.pythonhosted.org/packages/9d/bc/5314005bb2c7ee9f33102c6456c18cc81745d7055155d1218f1624463774/llvmlite-0.45.1-cp312-cp312-macosx_11_0_arm64.whl", hash = "sha256:1a53f4b74ee9fd30cb3d27d904dadece67a7575198bd80e687ee76474620735f", size = 37253123, upload-time = "2025-10-01T18:04:18.177Z" },
    { url = "https://files.pythonhosted.org/packages/96/76/0f7154952f037cb320b83e1c952ec4a19d5d689cf7d27cb8a26887d7bbc1/llvmlite-0.45.1-cp312-cp312-manylinux2014_x86_64.manylinux_2_17_x86_64.whl", hash = "sha256:5b3796b1b1e1c14dcae34285d2f4ea488402fbd2c400ccf7137603ca3800864f", size = 56288211, upload-time = "2025-10-01T18:01:24.079Z" },
    { url = "https://files.pythonhosted.org/packages/00/b1/0b581942be2683ceb6862d558979e87387e14ad65a1e4db0e7dd671fa315/llvmlite-0.45.1-cp312-cp312-manylinux_2_27_aarch64.manylinux_2_28_aarch64.whl", hash = "sha256:779e2f2ceefef0f4368548685f0b4adde34e5f4b457e90391f570a10b348d433", size = 55140958, upload-time = "2025-10-01T18:02:30.482Z" },
    { url = "https://files.pythonhosted.org/packages/33/94/9ba4ebcf4d541a325fd8098ddc073b663af75cc8b065b6059848f7d4dce7/llvmlite-0.45.1-cp312-cp312-win_amd64.whl", hash = "sha256:9e6c9949baf25d9aa9cd7cf0f6d011b9ca660dd17f5ba2b23bdbdb77cc86b116", size = 38132231, upload-time = "2025-10-01T18:05:03.664Z" },
    { url = "https://files.pythonhosted.org/packages/1d/e2/c185bb7e88514d5025f93c6c4092f6120c6cea8fe938974ec9860fb03bbb/llvmlite-0.45.1-cp313-cp313-macosx_10_15_x86_64.whl", hash = "sha256:d9ea9e6f17569a4253515cc01dade70aba536476e3d750b2e18d81d7e670eb15", size = 43043524, upload-time = "2025-10-01T18:03:43.249Z" },
    { url = "https://files.pythonhosted.org/packages/09/b8/b5437b9ecb2064e89ccf67dccae0d02cd38911705112dd0dcbfa9cd9a9de/llvmlite-0.45.1-cp313-cp313-macosx_12_0_arm64.whl", hash = "sha256:c9f3cadee1630ce4ac18ea38adebf2a4f57a89bd2740ce83746876797f6e0bfb", size = 37253121, upload-time = "2025-10-01T18:04:30.557Z" },
    { url = "https://files.pythonhosted.org/packages/f7/97/ad1a907c0173a90dd4df7228f24a3ec61058bc1a9ff8a0caec20a0cc622e/llvmlite-0.45.1-cp313-cp313-manylinux2014_x86_64.manylinux_2_17_x86_64.whl", hash = "sha256:57c48bf2e1083eedbc9406fb83c4e6483017879714916fe8be8a72a9672c995a", size = 56288210, upload-time = "2025-10-01T18:01:40.26Z" },
    { url = "https://files.pythonhosted.org/packages/32/d8/c99c8ac7a326e9735401ead3116f7685a7ec652691aeb2615aa732b1fc4a/llvmlite-0.45.1-cp313-cp313-manylinux_2_27_aarch64.manylinux_2_28_aarch64.whl", hash = "sha256:3aa3dfceda4219ae39cf18806c60eeb518c1680ff834b8b311bd784160b9ce40", size = 55140957, upload-time = "2025-10-01T18:02:46.244Z" },
    { url = "https://files.pythonhosted.org/packages/09/56/ed35668130e32dbfad2eb37356793b0a95f23494ab5be7d9bf5cb75850ee/llvmlite-0.45.1-cp313-cp313-win_amd64.whl", hash = "sha256:080e6f8d0778a8239cd47686d402cb66eb165e421efa9391366a9b7e5810a38b", size = 38132232, upload-time = "2025-10-01T18:05:14.477Z" },
]

[[package]]
name = "numba"
version = "0.62.1"
source = { registry = "https://pypi.org/simple" }
dependencies = [
    { name = "llvmlite" },
    { name = "numpy" },
]
sdist = { url = "https://files.pythonhosted.org/packages/a3/20/33dbdbfe60e5fd8e3dbfde299d106279a33d9f8308346022316781368591/numba-0.62.1.tar.gz", hash = "sha256:7b774242aa890e34c21200a1fc62e5b5757d5286267e71103257f4e2af0d5161", size = 2749817, upload-time = "2025-09-29T10:46:31.551Z" }
wheels = [
    { url = "https://files.pythonhosted.org/packages/5e/fa/30fa6873e9f821c0ae755915a3ca444e6ff8d6a7b6860b669a3d33377ac7/numba-0.62.1-cp312-cp312-macosx_10_15_x86_64.whl", hash = "sha256:1b743b32f8fa5fff22e19c2e906db2f0a340782caf024477b97801b918cf0494", size = 2685346, upload-time = "2025-09-29T10:43:43.677Z" },
    { url = "https://files.pythonhosted.org/packages/a9/d5/504ce8dc46e0dba2790c77e6b878ee65b60fe3e7d6d0006483ef6fde5a97/numba-0.62.1-cp312-cp312-macosx_11_0_arm64.whl", hash = "sha256:90fa21b0142bcf08ad8e32a97d25d0b84b1e921bc9423f8dda07d3652860eef6", size = 2688139, upload-time = "2025-09-29T10:44:04.894Z" },
    { url = "https://files.pythonhosted.org/packages/50/5f/6a802741176c93f2ebe97ad90751894c7b0c922b52ba99a4395e79492205/numba-0.62.1-cp312-cp312-manylinux2014_x86_64.manylinux_2_17_x86_64.whl", hash = "sha256:6ef84d0ac19f1bf80431347b6f4ce3c39b7ec13f48f233a48c01e2ec06ecbc59", size = 3796453, upload-time = "2025-09-29T10:42:52.771Z" },
    { url = "https://files.pythonhosted.org/packages/7e/df/efd21527d25150c4544eccc9d0b7260a5dec4b7e98b5a581990e05a133c0/numba-0.62.1-cp312-cp312-manylinux_2_27_aarch64.manylinux_2_28_aarch64.whl", hash = "sha256:9315cc5e441300e0ca07c828a627d92a6802bcbf27c5487f31ae73783c58da53", size = 3496451, upload-time = "2025-09-29T10:43:19.279Z" },
    { url = "https://files.pythonhosted.org/packages/80/44/79bfdab12a02796bf4f1841630355c82b5a69933b1d50eb15c7fa37dabe8/numba-0.62.1-cp312-cp312-win_amd64.whl", hash = "sha256:44e3aa6228039992f058f5ebfcfd372c83798e9464297bdad8cc79febcf7891e", size = 2745552, upload-time = "2025-09-29T10:44:26.399Z" },
    { url = "https://files.pythonhosted.org/packages/22/76/501ea2c07c089ef1386868f33dff2978f43f51b854e34397b20fc55e0a58/numba-0.62.1-cp313-cp313-macosx_10_15_x86_64.whl", hash = "sha256:b72489ba8411cc9fdcaa2458d8f7677751e94f0109eeb53e5becfdc818c64afb", size = 2685766, upload-time = "2025-09-29T10:43:49.161Z" },
    { url = "https://files.pythonhosted.org/packages/80/68/444986ed95350c0611d5c7b46828411c222ce41a0c76707c36425d27ce29/numba-0.62.1-cp313-cp313-macosx_12_0_arm64.whl", hash = "sha256:44a1412095534a26fb5da2717bc755b57da5f3053965128fe3dc286652cc6a92", size = 2688741, upload-time = "2025-09-29T10:44:10.07Z" },
    { url = "https://files.pythonhosted.org/packages/78/7e/bf2e3634993d57f95305c7cee4c9c6cb3c9c78404ee7b49569a0dfecfe33/numba-0.62.1-cp313-cp313-manylinux2014_x86_64.manylinux_2_17_x86_64.whl", hash = "sha256:8c9460b9e936c5bd2f0570e20a0a5909ee6e8b694fd958b210e3bde3a6dba2d7", size = 3804576, upload-time = "2025-09-29T10:42:59.53Z" },
    { url = "https://files.pythonhosted.org/packages/e8/b6/8a1723fff71f63bbb1354bdc60a1513a068acc0f5322f58da6f022d20247/numba-0.62.1-cp313-cp313-manylinux_2_27_aarch64.manylinux_2_28_aarch64.whl", hash = "sha256:728f91a874192df22d74e3fd42c12900b7ce7190b1aad3574c6c61b08313e4c5", size = 3503367, upload-time = "2025-09-29T10:43:26.326Z" },
    { url = "https://files.pythonhosted.org/packages/9c/ec/9d414e7a80d6d1dc4af0e07c6bfe293ce0b04ea4d0ed6c45dad9bd6e72eb/numba-0.62.1-cp313-cp313-win_amd64.whl", hash = "sha256:bbf3f88b461514287df66bc8d0307e949b09f2b6f67da92265094e8fa1282dd8", size = 2745529, upload-time = "2025-09-29T10:44:31.738Z" },
]

[[package]]
name = "numpy"
version = "2.3.5"
source = { registry = "https://pypi.org/simple" }
sdist = { url = "https://files.pythonhosted.org/packages/76/65/21b3bc86aac7b8f2862db1e808f1ea22b028e30a225a34a5ede9bf8678f2/numpy-2.3.5.tar.gz", hash = "sha256:784db1dcdab56bf0517743e746dfb0f885fc68d948aba86eeec2cba234bdf1c0", size = 20584950, upload-time = "2025-11-16T22:52:42.067Z" }
wheels = [
    { url = "https://files.pythonhosted.org/packages/44/37/e669fe6cbb2b96c62f6bbedc6a81c0f3b7362f6a59230b23caa673a85721/numpy-2.3.5-cp312-cp312-macosx_10_13_x86_64.whl", hash = "sha256:74ae7b798248fe62021dbf3c914245ad45d1a6b0cb4a29ecb4b31d0bfbc4cc3e", size = 16733873, upload-time = "2025-11-16T22:49:49.84Z" },
    { url = "https://files.pythonhosted.org/packages/c5/65/df0db6c097892c9380851ab9e44b52d4f7ba576b833996e0080181c0c439/numpy-2.3.5-cp312-cp312-macosx_11_0_arm64.whl", hash = "sha256:ee3888d9ff7c14604052b2ca5535a30216aa0a58e948cdd3eeb8d3415f638769", size = 12259838, upload-time = "2025-11-16T22:49:52.863Z" },
    { url = "https://files.pythonhosted.org/packages/5b/e1/1ee06e70eb2136797abe847d386e7c0e830b67ad1d43f364dd04fa50d338/numpy-2.3.5-cp312-cp312-macosx_14_0_arm64.whl", hash = "sha256:612a95a17655e213502f60cfb9bf9408efdc9eb1d5f50535cc6eb365d11b42b5", size = 5088378, upload-time = "2025-11-16T22:49:55.055Z" },
    { url = "https://files.pythonhosted.org/packages/6d/9c/1ca85fb86708724275103b81ec4cf1ac1d08f465368acfc8da7ab545bdae/numpy-2.3.5-cp312-cp312-macosx_14_0_x86_64.whl", hash = "sha256:3101e5177d114a593d79dd79658650fe28b5a0d8abeb8ce6f437c0e6df5be1a4", size = 6628559, upload-time = "2025-11-16T22:49:57.371Z" },
    { url = "https://files.pythonhosted.org/packages/74/78/fcd41e5a0ce4f3f7b003da85825acddae6d7ecb60cf25194741b036ca7d6/numpy-2.3.5-cp312-cp312-manylinux_2_27_aarch64.manylinux_2_28_aarch64.whl", hash = "sha256:8b973c57ff8e184109db042c842423ff4f60446239bd585a5131cc47f06f789d", size = 14250702, upload-time = "2025-11-16T22:49:59.632Z" },
    { url = "https://files.pythonhosted.org/packages/b6/23/2a1b231b8ff672b4c450dac27164a8b2ca7d9b7144f9c02d2396518352eb/numpy-2.3.5-cp312-cp312-manylinux_2_27_x86_64.manylinux_2_28_x86_64.whl", hash = "sha256:0d8163f43acde9a73c2a33605353a4f1bc4798745a8b1d73183b28e5b435ae28", size = 16606086, upload-time = "2025-11-16T22:50:02.127Z" },
    { url = "https://files.pythonhosted.org/packages/a0/c5/5ad26fbfbe2012e190cc7d5003e4d874b88bb18861d0829edc140a713021/numpy-2.3.5-cp312-cp312-musllinux_1_2_aarch64.whl", hash = "sha256:51c1e14eb1e154ebd80e860722f9e6ed6ec89714ad2db2d3aa33c31d7c12179b", size = 16025985, upload-time = "2025-11-16T22:50:04.536Z" },
    { url = "https://files.pythonhosted.org/packages/d2/fa/dd48e225c46c819288148d9d060b047fd2a6fb1eb37eae25112ee4cb4453/numpy-2.3.5-cp312-cp312-musllinux_1_2_x86_64.whl", hash = "sha256:b46b4ec24f7293f23adcd2d146960559aaf8020213de8ad1909dba6c013bf89c", size = 18542976, upload-time = "2025-11-16T22:50:07.557Z" },
    { url = "https://files.pythonhosted.org/packages/05/79/ccbd23a75862d95af03d28b5c6901a1b7da4803181513d52f3b86ed9446e/numpy-2.3.5-cp312-cp312-win32.whl", hash = "sha256:3997b5b3c9a771e157f9aae01dd579ee35ad7109be18db0e85dbdbe1de06e952", size = 6285274, upload-time = "2025-11-16T22:50:10.746Z" },
    { url = "https://files.pythonhosted.org/packages/2d/57/8aeaf160312f7f489dea47ab61e430b5cb051f59a98ae68b7133ce8fa06a/numpy-2.3.5-cp312-cp312-win_amd64.whl", hash = "sha256:86945f2ee6d10cdfd67bcb4069c1662dd711f7e2a4343db5cecec06b87cf31aa", size = 12782922, upload-time = "2025-11-16T22:50:12.811Z" },
    { url = "https://files.pythonhosted.org/packages/78/a6/aae5cc2ca78c45e64b9ef22f089141d661516856cf7c8a54ba434576900d/numpy-2.3.5-cp312-cp312-win_arm64.whl", hash = "sha256:f28620fe26bee16243be2b7b874da327312240a7cdc38b769a697578d2100013", size = 10194667, upload-time = "2025-11-16T22:50:16.16Z" },
    { url = "https://files.pythonhosted.org/packages/db/69/9cde09f36da4b5a505341180a3f2e6fadc352fd4d2b7096ce9778db83f1a/numpy-2.3.5-cp313-cp313-macosx_10_13_x86_64.whl", hash = "sha256:d0f23b44f57077c1ede8c5f26b30f706498b4862d3ff0a7298b8411dd2f043ff", size = 16728251, upload-time = "2025-11-16T22:50:19.013Z" },
    { url = "https://files.pythonhosted.org/packages/79/fb/f505c95ceddd7027347b067689db71ca80bd5ecc926f913f1a23e65cf09b/numpy-2.3.5-cp313-cp313-macosx_11_0_arm64.whl", hash = "sha256:aa5bc7c5d59d831d9773d1170acac7893ce3a5e130540605770ade83280e7188", size = 12254652, upload-time = "2025-11-16T22:50:21.487Z" },
    { url = "https://files.pythonhosted.org/packages/78/da/8c7738060ca9c31b30e9301ee0cf6c5ffdbf889d9593285a1cead337f9a5/numpy-2.3.5-cp313-cp313-macosx_14_0_arm64.whl", hash = "sha256:ccc933afd4d20aad3c00bcef049cb40049f7f196e0397f1109dba6fed63267b0", size = 5083172, upload-time = "2025-11-16T22:50:24.562Z" },
    { url = "https://files.pythonhosted.org/packages/a4/b4/ee5bb2537fb9430fd2ef30a616c3672b991a4129bb1c7dcc42aa0abbe5d7/numpy-2.3.5-cp313-cp313-macosx_14_0_x86_64.whl", hash = "sha256:afaffc4393205524af9dfa400fa250143a6c3bc646c08c9f5e25a9f4b4d6a903", size = 6622990, upload-time = "2025-11-16T22:50:26.47Z" },
    { url = "https://files.pythonhosted.org/packages/95/03/dc0723a013c7d7c19de5ef29e932c3081df1c14ba582b8b86b5de9db7f0f/numpy-2.3.5-cp313-cp313-manylinux_2_27_aarch64.manylinux_2_28_aarch64.whl", hash = "sha256:9c75442b2209b8470d6d5d8b1c25714270686f14c749028d2199c54e29f20b4d", size = 14248902, upload-time = "2025-11-16T22:50:28.861Z" },
    { url = "https://files.pythonhosted.org/packages/f5/10/ca162f45a102738958dcec8023062dad0cbc17d1ab99d68c4e4a6c45fb2b/numpy-2.3.5-cp313-cp313-manylinux_2_27_x86_64.manylinux_2_28_x86_64.whl", hash = "sha256:11e06aa0af8c0f05104d56450d6093ee639e15f24ecf62d417329d06e522e017", size = 16597430, upload-time = "2025-11-16T22:50:31.56Z" },
    { url = "https://files.pythonhosted.org/packages/2a/51/c1e29be863588db58175175f057286900b4b3327a1351e706d5e0f8dd679/numpy-2.3.5-cp313-cp313-musllinux_1_2_aarch64.whl", hash = "sha256:ed89927b86296067b4f81f108a2271d8926467a8868e554eaf370fc27fa3ccaf", size = 16024551, upload-time = "2025-11-16T22:50:34.242Z" },
    { url = "https://files.pythonhosted.org/packages/83/68/8236589d4dbb87253d28259d04d9b814ec0ecce7cb1c7fed29729f4c3a78/numpy-2.3.5-cp313-cp313-musllinux_1_2_x86_64.whl", hash = "sha256:51c55fe3451421f3a6ef9a9c1439e82101c57a2c9eab9feb196a62b1a10b58ce", size = 18533275, upload-time = "2025-11-16T22:50:37.651Z" },
    { url = "https://files.pythonhosted.org/packages/40/56/2932d75b6f13465239e3b7b7e511be27f1b8161ca2510854f0b6e521c395/numpy-2.3.5-cp313-cp313-win32.whl", hash = "sha256:1978155dd49972084bd6ef388d66ab70f0c323ddee6f693d539376498720fb7e", size = 6277637, upload-time = "2025-11-16T22:50:40.11Z" },
    { url = "https://files.pythonhosted.org/packages/0c/88/e2eaa6cffb115b85ed7c7c87775cb8bcf0816816bc98ca8dbfa2ee33fe6e/numpy-2.3.5-cp313-cp313-win_amd64.whl", hash = "sha256:00dc4e846108a382c5869e77c6ed514394bdeb3403461d25a829711041217d5b", size = 12779090, upload-time = "2025-11-16T22:50:42.503Z" },
    { url = "https://files.pythonhosted.org/packages/8f/88/3f41e13a44ebd4034ee17baa384acac29ba6a4fcc2aca95f6f08ca0447d1/numpy-2.3.5-cp313-cp313-win_arm64.whl", hash = "sha256:0472f11f6ec23a74a906a00b48a4dcf3849209696dff7c189714511268d103ae", size = 10194710, upload-time = "2025-11-16T22:50:44.971Z" },
    { url = "https://files.pythonhosted.org/packages/13/cb/71744144e13389d577f867f745b7df2d8489463654a918eea2eeb166dfc9/numpy-2.3.5-cp313-cp313t-macosx_10_13_x86_64.whl", hash = "sha256:414802f3b97f3c1eef41e530aaba3b3c1620649871d8cb38c6eaff034c2e16bd", size = 16827292, upload-time = "2025-11-16T22:50:47.715Z" },
    { url = "https://files.pythonhosted.org/packages/71/80/ba9dc6f2a4398e7f42b708a7fdc841bb638d353be255655498edbf9a15a8/numpy-2.3.5-cp313-cp313t-macosx_11_0_arm64.whl", hash = "sha256:5ee6609ac3604fa7780e30a03e5e241a7956f8e2fcfe547d51e3afa5247ac47f", size = 12378897, upload-time = "2025-11-16T22:50:51.327Z" },
    { url = "https://files.pythonhosted.org/packages/2e/6d/db2151b9f64264bcceccd51741aa39b50150de9b602d98ecfe7e0c4bff39/numpy-2.3.5-cp313-cp313t-macosx_14_0_arm64.whl", hash = "sha256:86d835afea1eaa143012a2d7a3f45a3adce2d7adc8b4961f0b362214d800846a", size = 5207391, upload-time = "2025-11-16T22:50:54.542Z" },
    { url = "https://files.pythonhosted.org/packages/80/ae/429bacace5ccad48a14c4ae5332f6aa8ab9f69524193511d60ccdfdc65fa/numpy-2.3.5-cp313-cp313t-macosx_14_0_x86_64.whl", hash = "sha256:30bc11310e8153ca664b14c5f1b73e94bd0503681fcf136a163de856f3a50139", size = 6721275, upload-time = "2025-11-16T22:50:56.794Z" },
    { url = "https://files.pythonhosted.org/packages/74/5b/1919abf32d8722646a38cd527bc3771eb229a32724ee6ba340ead9b92249/numpy-2.3.5-cp313-cp313t-manylinux_2_27_aarch64.manylinux_2_28_aarch64.whl", hash = "sha256:1062fde1dcf469571705945b0f221b73928f34a20c904ffb45db101907c3454e", size = 14306855, upload-time = "2025-11-16T22:50:59.208Z" },
    { url = "https://files.pythonhosted.org/packages/a5/87/6831980559434973bebc30cd9c1f21e541a0f2b0c280d43d3afd909b66d0/numpy-2.3.5-cp313-cp313t-manylinux_2_27_x86_64.manylinux_2_28_x86_64.whl", hash = "sha256:ce581db493ea1a96c0556360ede6607496e8bf9b3a8efa66e06477267bc831e9", size = 16657359, upload-time = "2025-11-16T22:51:01.991Z" },
    { url = "https://files.pythonhosted.org/packages/dd/91/c797f544491ee99fd00495f12ebb7802c440c1915811d72ac5b4479a3356/numpy-2.3.5-cp313-cp313t-musllinux_1_2_aarch64.whl", hash = "sha256:cc8920d2ec5fa99875b670bb86ddeb21e295cb07aa331810d9e486e0b969d946", size = 16093374, upload-time = "2025-11-16T22:51:05.291Z" },
    { url = "https://files.pythonhosted.org/packages/74/a6/54da03253afcbe7a72785ec4da9c69fb7a17710141ff9ac5fcb2e32dbe64/numpy-2.3.5-cp313-cp313t-musllinux_1_2_x86_64.whl", hash = "sha256:9ee2197ef8c4f0dfe405d835f3b6a14f5fee7782b5de51ba06fb65fc9b36e9f1", size = 18594587, upload-time = "2025-11-16T22:51:08.585Z" },
    { url = "https://files.pythonhosted.org/packages/80/e9/aff53abbdd41b0ecca94285f325aff42357c6b5abc482a3fcb4994290b18/numpy-2.3.5-cp313-cp313t-win32.whl", hash = "sha256:70b37199913c1bd300ff6e2693316c6f869c7ee16378faf10e4f5e3275b299c3", size = 6405940, upload-time = "2025-11-16T22:51:11.541Z" },
    { url = "https://files.pythonhosted.org/packages/d5/81/50613fec9d4de5480de18d4f8ef59ad7e344d497edbef3cfd80f24f98461/numpy-2.3.5-cp313-cp313t-win_amd64.whl", hash = "sha256:b501b5fa195cc9e24fe102f21ec0a44dffc231d2af79950b451e0d99cea02234", size = 12920341, upload-time = "2025-11-16T22:51:14.312Z" },
    { url = "https://files.pythonhosted.org/packages/bb/ab/08fd63b9a74303947f34f0bd7c5903b9c5532c2d287bead5bdf4c556c486/numpy-2.3.5-cp313-cp313t-win_arm64.whl", hash = "sha256:a80afd79f45f3c4a7d341f13acbe058d1ca8ac017c165d3fa0d3de6bc1a079d7", size = 10262507, upload-time = "2025-11-16T22:51:16.846Z" },
    { url = "https://files.pythonhosted.org/packages/ba/97/1a914559c19e32d6b2e233cf9a6a114e67c856d35b1d6babca571a3e880f/numpy-2.3.5-cp314-cp314-macosx_10_15_x86_64.whl", hash = "sha256:bf06bc2af43fa8d32d30fae16ad965663e966b1a3202ed407b84c989c3221e82", size = 16735706, upload-time = "2025-11-16T22:51:19.558Z" },
    { url = "https://files.pythonhosted.org/packages/57/d4/51233b1c1b13ecd796311216ae417796b88b0616cfd8a33ae4536330748a/numpy-2.3.5-cp314-cp314-macosx_11_0_arm64.whl", hash = "sha256:052e8c42e0c49d2575621c158934920524f6c5da05a1d3b9bab5d8e259e045f0", size = 12264507, upload-time = "2025-11-16T22:51:22.492Z" },
    { url = "https://files.pythonhosted.org/packages/45/98/2fe46c5c2675b8306d0b4a3ec3494273e93e1226a490f766e84298576956/numpy-2.3.5-cp314-cp314-macosx_14_0_arm64.whl", hash = "sha256:1ed1ec893cff7040a02c8aa1c8611b94d395590d553f6b53629a4461dc7f7b63", size = 5093049, upload-time = "2025-11-16T22:51:25.171Z" },
    { url = "https://files.pythonhosted.org/packages/ce/0e/0698378989bb0ac5f1660c81c78ab1fe5476c1a521ca9ee9d0710ce54099/numpy-2.3.5-cp314-cp314-macosx_14_0_x86_64.whl", hash = "sha256:2dcd0808a421a482a080f89859a18beb0b3d1e905b81e617a188bd80422d62e9", size = 6626603, upload-time = "2025-11-16T22:51:27Z" },
    { url = "https://files.pythonhosted.org/packages/5e/a6/9ca0eecc489640615642a6cbc0ca9e10df70df38c4d43f5a928ff18d8827/numpy-2.3.5-cp314-cp314-manylinux_2_27_aarch64.manylinux_2_28_aarch64.whl", hash = "sha256:727fd05b57df37dc0bcf1a27767a3d9a78cbbc92822445f32cc3436ba797337b", size = 14262696, upload-time = "2025-11-16T22:51:29.402Z" },
    { url = "https://files.pythonhosted.org/packages/c8/f6/07ec185b90ec9d7217a00eeeed7383b73d7e709dae2a9a021b051542a708/numpy-2.3.5-cp314-cp314-manylinux_2_27_x86_64.manylinux_2_28_x86_64.whl", hash = "sha256:fffe29a1ef00883599d1dc2c51aa2e5d80afe49523c261a74933df395c15c520", size = 16597350, upload-time = "2025-11-16T22:51:32.167Z" },
    { url = "https://files.pythonhosted.org/packages/75/37/164071d1dde6a1a84c9b8e5b414fa127981bad47adf3a6b7e23917e52190/numpy-2.3.5-cp314-cp314-musllinux_1_2_aarch64.whl", hash = "sha256:8f7f0e05112916223d3f438f293abf0727e1181b5983f413dfa2fefc4098245c", size = 16040190, upload-time = "2025-11-16T22:51:35.403Z" },
    { url = "https://files.pythonhosted.org/packages/08/3c/f18b82a406b04859eb026d204e4e1773eb41c5be58410f41ffa511d114ae/numpy-2.3.5-cp314-cp314-musllinux_1_2_x86_64.whl", hash = "sha256:2e2eb32ddb9ccb817d620ac1d8dae7c3f641c1e5f55f531a33e8ab97960a75b8", size = 18536749, upload-time = "2025-11-16T22:51:39.698Z" },
    { url = "https://files.pythonhosted.org/packages/40/79/f82f572bf44cf0023a2fe8588768e23e1592585020d638999f15158609e1/numpy-2.3.5-cp314-cp314-win32.whl", hash = "sha256:66f85ce62c70b843bab1fb14a05d5737741e74e28c7b8b5a064de10142fad248", size = 6335432, upload-time = "2025-11-16T22:51:42.476Z" },
    { url = "https://files.pythonhosted.org/packages/a3/2e/235b4d96619931192c91660805e5e49242389742a7a82c27665021db690c/numpy-2.3.5-cp314-cp314-win_amd64.whl", hash = "sha256:e6a0bc88393d65807d751a614207b7129a310ca4fe76a74e5c7da5fa5671417e", size = 12919388, upload-time = "2025-11-16T22:51:45.275Z" },
    { url = "https://files.pythonhosted.org/packages/07/2b/29fd75ce45d22a39c61aad74f3d718e7ab67ccf839ca8b60866054eb15f8/numpy-2.3.5-cp314-cp314-win_arm64.whl", hash = "sha256:aeffcab3d4b43712bb7a60b65f6044d444e75e563ff6180af8f98dd4b905dfd2", size = 10476651, upload-time = "2025-11-16T22:51:47.749Z" },
    { url = "https://files.pythonhosted.org/packages/17/e1/f6a721234ebd4d87084cfa68d081bcba2f5cfe1974f7de4e0e8b9b2a2ba1/numpy-2.3.5-cp314-cp314t-macosx_10_15_x86_64.whl", hash = "sha256:17531366a2e3a9e30762c000f2c43a9aaa05728712e25c11ce1dbe700c53ad41", size = 16834503, upload-time = "2025-11-16T22:51:50.443Z" },
    { url = "https://files.pythonhosted.org/packages/5c/1c/baf7ffdc3af9c356e1c135e57ab7cf8d247931b9554f55c467efe2c69eff/numpy-2.3.5-cp314-cp314t-macosx_11_0_arm64.whl", hash = "sha256:d21644de1b609825ede2f48be98dfde4656aefc713654eeee280e37cadc4e0ad", size = 12381612, upload-time = "2025-11-16T22:51:53.609Z" },
    { url = "https://files.pythonhosted.org/packages/74/91/f7f0295151407ddc9ba34e699013c32c3c91944f9b35fcf9281163dc1468/numpy-2.3.5-cp314-cp314t-macosx_14_0_arm64.whl", hash = "sha256:c804e3a5aba5460c73955c955bdbd5c08c354954e9270a2c1565f62e866bdc39", size = 5210042, upload-time = "2025-11-16T22:51:56.213Z" },
    { url = "https://files.pythonhosted.org/packages/2e/3b/78aebf345104ec50dd50a4d06ddeb46a9ff5261c33bcc58b1c4f12f85ec2/numpy-2.3.5-cp314-cp314t-macosx_14_0_x86_64.whl", hash = "sha256:cc0a57f895b96ec78969c34f682c602bf8da1a0270b09bc65673df2e7638ec20", size = 6724502, upload-time = "2025-11-16T22:51:58.584Z" },
    { url = "https://files.pythonhosted.org/packages/02/c6/7c34b528740512e57ef1b7c8337ab0b4f0bddf34c723b8996c675bc2bc91/numpy-2.3.5-cp314-cp314t-manylinux_2_27_aarch64.manylinux_2_28_aarch64.whl", hash = "sha256:900218e456384ea676e24ea6a0417f030a3b07306d29d7ad843957b40a9d8d52", size = 14308962, upload-time = "2025-11-16T22:52:01.698Z" },
    { url = "https://files.pythonhosted.org/packages/80/35/09d433c5262bc32d725bafc619e095b6a6651caf94027a03da624146f655/numpy-2.3.5-cp314-cp314t-manylinux_2_27_x86_64.manylinux_2_28_x86_64.whl", hash = "sha256:09a1bea522b25109bf8e6f3027bd810f7c1085c64a0c7ce050c1676ad0ba010b", size = 16655054, upload-time = "2025-11-16T22:52:04.267Z" },
    { url = "https://files.pythonhosted.org/packages/7a/ab/6a7b259703c09a88804fa2430b43d6457b692378f6b74b356155283566ac/numpy-2.3.5-cp314-cp314t-musllinux_1_2_aarch64.whl", hash = "sha256:04822c00b5fd0323c8166d66c701dc31b7fbd252c100acd708c48f763968d6a3", size = 16091613, upload-time = "2025-11-16T22:52:08.651Z" },
    { url = "https://files.pythonhosted.org/packages/c2/88/330da2071e8771e60d1038166ff9d73f29da37b01ec3eb43cb1427464e10/numpy-2.3.5-cp314-cp314t-musllinux_1_2_x86_64.whl", hash = "sha256:d6889ec4ec662a1a37eb4b4fb26b6100841804dac55bd9df579e326cdc146227", size = 18591147, upload-time = "2025-11-16T22:52:11.453Z" },
    { url = "https://files.pythonhosted.org/packages/51/41/851c4b4082402d9ea860c3626db5d5df47164a712cb23b54be028b184c1c/numpy-2.3.5-cp314-cp314t-win32.whl", hash = "sha256:93eebbcf1aafdf7e2ddd44c2923e2672e1010bddc014138b229e49725b4d6be5", size = 6479806, upload-time = "2025-11-16T22:52:14.641Z" },
    { url = "https://files.pythonhosted.org/packages/90/30/d48bde1dfd93332fa557cff1972fbc039e055a52021fbef4c2c4b1eefd17/numpy-2.3.5-cp314-cp314t-win_amd64.whl", hash = "sha256:c8a9958e88b65c3b27e22ca2a076311636850b612d6bbfb76e8d156aacde2aaf", size = 13105760, upload-time = "2025-11-16T22:52:17.975Z" },
    { url = "https://files.pythonhosted.org/packages/2d/fd/4b5eb0b3e888d86aee4d198c23acec7d214baaf17ea93c1adec94c9518b9/numpy-2.3.5-cp314-cp314t-win_arm64.whl", hash = "sha256:6203fdf9f3dc5bdaed7319ad8698e685c7a3be10819f41d32a0723e611733b42", size = 10545459, upload-time = "2025-11-16T22:52:20.55Z" },
]
